
Microsoft Visual Studio Solution File, Format Version 12.00
# Visual Studio Version 17
VisualStudioVersion = 17.7.34024.191
MinimumVisualStudioVersion = 10.0.40219.1
Project("{FAE04EC0-301F-11D3-BF4B-00C04F79EFBC}") = "bubbleSorter", "bubbleSorter.csproj", "{EE6919F9-936B-4060-9FAF-182C62E74FDC}"
EndProject
Global
	GlobalSection(SolutionConfigurationPlatforms) = preSolution
		Debug|Any CPU = Debug|Any CPU
		Release|Any CPU = Release|Any CPU
	EndGlobalSection
	GlobalSection(ProjectConfigurationPlatforms) = postSolution
		{EE6919F9-936B-4060-9FAF-182C62E74FDC}.Debug|Any CPU.ActiveCfg = Debug|Any CPU
		{EE6919F9-936B-4060-9FAF-182C62E74FDC}.Debug|Any CPU.Build.0 = Debug|Any CPU
		{EE6919F9-936B-4060-9FAF-182C62E74FDC}.Release|Any CPU.ActiveCfg = Release|Any CPU
		{EE6919F9-936B-4060-9FAF-182C62E74FDC}.Release|Any CPU.Build.0 = Release|Any CPU
	EndGlobalSection
	GlobalSection(SolutionProperties) = preSolution
		HideSolutionNode = FALSE
	EndGlobalSection
	GlobalSection(ExtensibilityGlobals) = postSolution
		SolutionGuid = {1CBCD903-C711-4B4B-ADEC-3C58BC6AE36B}
	EndGlobalSection
EndGlobal
